{
  "name": "tron",
  "version": "1.0.0",
  "lockfileVersion": 3,
  "requires": true,
  "packages": {
    "": {
      "name": "tron",
      "version": "1.0.0",
      "license": "ISC",
      "dependencies": {
        "base58": "^2.0.1"
      }
    },
    "node_modules/base58": {
      "version": "2.0.1",
      "resolved": "https://registry.npmjs.org/base58/-/base58-2.0.1.tgz",
      "integrity": "sha512-qK6gt2fMSxN2xGOi+btI5oAnXL+vEq0AsHWHhf5jfm2hE6MwmW+2414qF96utV3Xfg3En8hEA9Q4lif4lbXcgw==",
      "license": "MIT",
      "engines": {
        "node": ">= 6"
      }
    }
  }
}
